// !$*UTF8*$!
{
	archiveVersion = 1;
	classes = {
	};
	objectVersion = 46;
	objects = {

/* Begin PBXBuildFile section */
		7BB1A8DC1ADA330E00699EB3 /* AppDelegate.swift in Sources */ = {isa = PBXBuildFile; fileRef = 7BB1A8DB1ADA330E00699EB3 /* AppDelegate.swift */; };
		7BB1A8DE1ADA330E00699EB3 /* ViewController.swift in Sources */ = {isa = PBXBuildFile; fileRef = 7BB1A8DD1ADA330E00699EB3 /* ViewController.swift */; };
		7BB1A8E11ADA330E00699EB3 /* Main.storyboard in Resources */ = {isa = PBXBuildFile; fileRef = 7BB1A8DF1ADA330E00699EB3 /* Main.storyboard */; };
		7BB1A8E31ADA330E00699EB3 /* Images.xcassets in Resources */ = {isa = PBXBuildFile; fileRef = 7BB1A8E21ADA330E00699EB3 /* Images.xcassets */; };
		7BB1A8E61ADA330E00699EB3 /* LaunchScreen.xib in Resources */ = {isa = PBXBuildFile; fileRef = 7BB1A8E41ADA330E00699EB3 /* LaunchScreen.xib */; };
		7BB1A8F21ADA330E00699EB3 /* Side_Menu_Video_ExampleTests.swift in Sources */ = {isa = PBXBuildFile; fileRef = 7BB1A8F11ADA330E00699EB3 /* Side_Menu_Video_ExampleTests.swift */; };
		7BB1A8FD1ADA332400699EB3 /* ENSideMenu.swift in Sources */ = {isa = PBXBuildFile; fileRef = 7BB1A8FB1ADA332400699EB3 /* ENSideMenu.swift */; };
		7BB1A8FE1ADA332400699EB3 /* ENSideMenuNavigationController.swift in Sources */ = {isa = PBXBuildFile; fileRef = 7BB1A8FC1ADA332400699EB3 /* ENSideMenuNavigationController.swift */; };
		7BB1A9001ADA33A600699EB3 /* SideNavigationController.swift in Sources */ = {isa = PBXBuildFile; fileRef = 7BB1A8FF1ADA33A600699EB3 /* SideNavigationController.swift */; };
		7BB1A9021ADA34B100699EB3 /* MenuTableViewController.swift in Sources */ = {isa = PBXBuildFile; fileRef = 7BB1A9011ADA34B100699EB3 /* MenuTableViewController.swift */; };
/* End PBXBuildFile section */

/* Begin PBXContainerItemProxy section */
		7BB1A8EC1ADA330E00699EB3 /* PBXContainerItemProxy */ = {
			isa = PBXContainerItemProxy;
			containerPortal = 7BB1A8CE1ADA330D00699EB3 /* Project object */;
			proxyType = 1;
			remoteGlobalIDString = 7BB1A8D51ADA330E00699EB3;
			remoteInfo = "Side Menu Video Example";
		};
/* End PBXContainerItemProxy section */

/* Begin PBXFileReference section */
		7BB1A8D61ADA330E00699EB3 /* Side Menu Video Example.app */ = {isa = PBXFileReference; explicitFileType = wrapper.application; includeInIndex = 0; path = "Side Menu Video Example.app"; sourceTree = BUILT_PRODUCTS_DIR; };
		7BB1A8DA1ADA330E00699EB3 /* Info.plist */ = {isa = PBXFileReference; lastKnownFileType = text.plist.xml; path = Info.plist; sourceTree = "<group>"; };
		7BB1A8DB1ADA330E00699EB3 /* AppDelegate.swift */ = {isa = PBXFileReference; lastKnownFileType = sourcecode.swift; path = AppDelegate.swift; sourceTree = "<group>"; };
		7BB1A8DD1ADA330E00699EB3 /* ViewController.swift */ = {isa = PBXFileReference; lastKnownFileType = sourcecode.swift; path = ViewController.swift; sourceTree = "<group>"; };
		7BB1A8E01ADA330E00699EB3 /* Base */ = {isa = PBXFileReference; lastKnownFileType = file.storyboard; name = Base; path = Base.lproj/Main.storyboard; sourceTree = "<group>"; };
		7BB1A8E21ADA330E00699EB3 /* Images.xcassets */ = {isa = PBXFileReference; lastKnownFileType = folder.assetcatalog; path = Images.xcassets; sourceTree = "<group>"; };
		7BB1A8E51ADA330E00699EB3 /* Base */ = {isa = PBXFileReference; lastKnownFileType = file.xib; name = Base; path = Base.lproj/LaunchScreen.xib; sourceTree = "<group>"; };
		7BB1A8EB1ADA330E00699EB3 /* Side Menu Video ExampleTests.xctest */ = {isa = PBXFileReference; explicitFileType = wrapper.cfbundle; includeInIndex = 0; path = "Side Menu Video ExampleTests.xctest"; sourceTree = BUILT_PRODUCTS_DIR; };
		7BB1A8F01ADA330E00699EB3 /* Info.plist */ = {isa = PBXFileReference; lastKnownFileType = text.plist.xml; path = Info.plist; sourceTree = "<group>"; };
		7BB1A8F11ADA330E00699EB3 /* Side_Menu_Video_ExampleTests.swift */ = {isa = PBXFileReference; lastKnownFileType = sourcecode.swift; path = Side_Menu_Video_ExampleTests.swift; sourceTree = "<group>"; };
		7BB1A8FB1ADA332400699EB3 /* ENSideMenu.swift */ = {isa = PBXFileReference; fileEncoding = 4; lastKnownFileType = sourcecode.swift; path = ENSideMenu.swift; sourceTree = "<group>"; };
		7BB1A8FC1ADA332400699EB3 /* ENSideMenuNavigationController.swift */ = {isa = PBXFileReference; fileEncoding = 4; lastKnownFileType = sourcecode.swift; path = ENSideMenuNavigationController.swift; sourceTree = "<group>"; };
		7BB1A8FF1ADA33A600699EB3 /* SideNavigationController.swift */ = {isa = PBXFileReference; fileEncoding = 4; lastKnownFileType = sourcecode.swift; path = SideNavigationController.swift; sourceTree = "<group>"; };
		7BB1A9011ADA34B100699EB3 /* MenuTableViewController.swift */ = {isa = PBXFileReference; fileEncoding = 4; lastKnownFileType = sourcecode.swift; path = MenuTableViewController.swift; sourceTree = "<group>"; };
/* End PBXFileReference section */

/* Begin PBXFrameworksBuildPhase section */
		7BB1A8D31ADA330E00699EB3 /* Frameworks */ = {
			isa = PBXFrameworksBuildPhase;
			buildActionMask = 2147483647;
			files = (
			);
			runOnlyForDeploymentPostprocessing = 0;
		};
		7BB1A8E81ADA330E00699EB3 /* Frameworks */ = {
			isa = PBXFrameworksBuildPhase;
			buildActionMask = 2147483647;
			files = (
			);
			runOnlyForDeploymentPostprocessing = 0;
		};
/* End PBXFrameworksBuildPhase section */

/* Begin PBXGroup section */
		7BB1A8CD1ADA330D00699EB3 = {
			isa = PBXGroup;
			children = (
				7BB1A8D81ADA330E00699EB3 /* Side Menu Video Example */,
				7BB1A8EE1ADA330E00699EB3 /* Side Menu Video ExampleTests */,
				7BB1A8D71ADA330E00699EB3 /* Products */,
				7BB1A8FB1ADA332400699EB3 /* ENSideMenu.swift */,
				7BB1A8FC1ADA332400699EB3 /* ENSideMenuNavigationController.swift */,
			);
			sourceTree = "<group>";
		};
		7BB1A8D71ADA330E00699EB3 /* Products */ = {
			isa = PBXGroup;
			children = (
				7BB1A8D61ADA330E00699EB3 /* Side Menu Video Example.app */,
				7BB1A8EB1ADA330E00699EB3 /* Side Menu Video ExampleTests.xctest */,
			);
			name = Products;
			sourceTree = "<group>";
		};
		7BB1A8D81ADA330E00699EB3 /* Side Menu Video Example */ = {
			isa = PBXGroup;
			children = (
				7BB1A8DB1ADA330E00699EB3 /* AppDelegate.swift */,
				7BB1A8DD1ADA330E00699EB3 /* ViewController.swift */,
				7BB1A8DF1ADA330E00699EB3 /* Main.storyboard */,
				7BB1A9011ADA34B100699EB3 /* MenuTableViewController.swift */,
				7BB1A8FF1ADA33A600699EB3 /* SideNavigationController.swift */,
				7BB1A8E21ADA330E00699EB3 /* Images.xcassets */,
				7BB1A8E41ADA330E00699EB3 /* LaunchScreen.xib */,
				7BB1A8D91ADA330E00699EB3 /* Supporting Files */,
			);
			path = "Side Menu Video Example";
			sourceTree = "<group>";
		};
		7BB1A8D91ADA330E00699EB3 /* Supporting Files */ = {
			isa = PBXGroup;
			children = (
				7BB1A8DA1ADA330E00699EB3 /* Info.plist */,
			);
			name = "Supporting Files";
			sourceTree = "<group>";
		};
		7BB1A8EE1ADA330E00699EB3 /* Side Menu Video ExampleTests */ = {
			isa = PBXGroup;
			children = (
				7BB1A8F11ADA330E00699EB3 /* Side_Menu_Video_ExampleTests.swift */,
				7BB1A8EF1ADA330E00699EB3 /* Supporting Files */,
			);
			path = "Side Menu Video ExampleTests";
			sourceTree = "<group>";
		};
		7BB1A8EF1ADA330E00699EB3 /* Supporting Files */ = {
			isa = PBXGroup;
			children = (
				7BB1A8F01ADA330E00699EB3 /* Info.plist */,
			);
			name = "Supporting Files";
			sourceTree = "<group>";
		};
/* End PBXGroup section */

/* Begin PBXNativeTarget section */
		7BB1A8D51ADA330E00699EB3 /* Side Menu Video Example */ = {
			isa = PBXNativeTarget;
			buildConfigurationList = 7BB1A8F51ADA330E00699EB3 /* Build configuration list for PBXNativeTarget "Side Menu Video Example" */;
			buildPhases = (
				7BB1A8D21ADA330E00699EB3 /* Sources */,
				7BB1A8D31ADA330E00699EB3 /* Frameworks */,
				7BB1A8D41ADA330E00699EB3 /* Resources */,
			);
			buildRules = (
			);
			dependencies = (
			);
			name = "Side Menu Video Example";
			productName = "Side Menu Video Example";
			productReference = 7BB1A8D61ADA330E00699EB3 /* Side Menu Video Example.app */;
			productType = "com.apple.product-type.application";
		};
		7BB1A8EA1ADA330E00699EB3 /* Side Menu Video ExampleTests */ = {
			isa = PBXNativeTarget;
			buildConfigurationList = 7BB1A8F81ADA330E00699EB3 /* Build configuration list for PBXNativeTarget "Side Menu Video ExampleTests" */;
			buildPhases = (
				7BB1A8E71ADA330E00699EB3 /* Sources */,
				7BB1A8E81ADA330E00699EB3 /* Frameworks */,
				7BB1A8E91ADA330E00699EB3 /* Resources */,
			);
			buildRules = (
			);
			dependencies = (
				7BB1A8ED1ADA330E00699EB3 /* PBXTargetDependency */,
			);
			name = "Side Menu Video ExampleTests";
			productName = "Side Menu Video ExampleTests";
			productReference = 7BB1A8EB1ADA330E00699EB3 /* Side Menu Video ExampleTests.xctest */;
			productType = "com.apple.product-type.bundle.unit-test";
		};
/* End PBXNativeTarget section */

/* Begin PBXProject section */
		7BB1A8CE1ADA330D00699EB3 /* Project object */ = {
			isa = PBXProject;
			attributes = {
				LastUpgradeCheck = 0630;
				ORGANIZATIONNAME = "mitchell hudson";
				TargetAttributes = {
					7BB1A8D51ADA330E00699EB3 = {
						CreatedOnToolsVersion = 6.3;
					};
					7BB1A8EA1ADA330E00699EB3 = {
						CreatedOnToolsVersion = 6.3;
						TestTargetID = 7BB1A8D51ADA330E00699EB3;
					};
				};
			};
			buildConfigurationList = 7BB1A8D11ADA330D00699EB3 /* Build configuration list for PBXProject "Side Menu Video Example" */;
			compatibilityVersion = "Xcode 3.2";
			developmentRegion = English;
			hasScannedForEncodings = 0;
			knownRegions = (
				en,
				Base,
			);
			mainGroup = 7BB1A8CD1ADA330D00699EB3;
			productRefGroup = 7BB1A8D71ADA330E00699EB3 /* Products */;
			projectDirPath = "";
			projectRoot = "";
			targets = (
				7BB1A8D51ADA330E00699EB3 /* Side Menu Video Example */,
				7BB1A8EA1ADA330E00699EB3 /* Side Menu Video ExampleTests */,
			);
		};
/* End PBXProject section */

/* Begin PBXResourcesBuildPhase section */
		7BB1A8D41ADA330E00699EB3 /* Resources */ = {
			isa = PBXResourcesBuildPhase;
			buildActionMask = 2147483647;
			files = (
				7BB1A8E11ADA330E00699EB3 /* Main.storyboard in Resources */,
				7BB1A8E61ADA330E00699EB3 /* LaunchScreen.xib in Resources */,
				7BB1A8E31ADA330E00699EB3 /* Images.xcassets in Resources */,
			);
			runOnlyForDeploymentPostprocessing = 0;
		};
		7BB1A8E91ADA330E00699EB3 /* Resources */ = {
			isa = PBXResourcesBuildPhase;
			buildActionMask = 2147483647;
			files = (
			);
			runOnlyForDeploymentPostprocessing = 0;
		};
/* End PBXResourcesBuildPhase section */

/* Begin PBXSourcesBuildPhase section */
		7BB1A8D21ADA330E00699EB3 /* Sources */ = {
			isa = PBXSourcesBuildPhase;
			buildActionMask = 2147483647;
			files = (
				7BB1A8FE1ADA332400699EB3 /* ENSideMenuNavigationController.swift in Sources */,
				7BB1A8FD1ADA332400699EB3 /* ENSideMenu.swift in Sources */,
				7BB1A9021ADA34B100699EB3 /* MenuTableViewController.swift in Sources */,
				7BB1A9001ADA33A600699EB3 /* SideNavigationController.swift in Sources */,
				7BB1A8DE1ADA330E00699EB3 /* ViewController.swift in Sources */,
				7BB1A8DC1ADA330E00699EB3 /* AppDelegate.swift in Sources */,
			);
			runOnlyForDeploymentPostprocessing = 0;
		};
		7BB1A8E71ADA330E00699EB3 /* Sources */ = {
			isa = PBXSourcesBuildPhase;
			buildActionMask = 2147483647;
			files = (
				7BB1A8F21ADA330E00699EB3 /* Side_Menu_Video_ExampleTests.swift in Sources */,
			);
			runOnlyForDeploymentPostprocessing = 0;
		};
/* End PBXSourcesBuildPhase section */

/* Begin PBXTargetDependency section */
		7BB1A8ED1ADA330E00699EB3 /* PBXTargetDependency */ = {
			isa = PBXTargetDependency;
			target = 7BB1A8D51ADA330E00699EB3 /* Side Menu Video Example */;
			targetProxy = 7BB1A8EC1ADA330E00699EB3 /* PBXContainerItemProxy */;
		};
/* End PBXTargetDependency section */

/* Begin PBXVariantGroup section */
		7BB1A8DF1ADA330E00699EB3 /* Main.storyboard */ = {
			isa = PBXVariantGroup;
			children = (
				7BB1A8E01ADA330E00699EB3 /* Base */,
			);
			name = Main.storyboard;
			sourceTree = "<group>";
		};
		7BB1A8E41ADA330E00699EB3 /* LaunchScreen.xib */ = {
			isa = PBXVariantGroup;
			children = (
				7BB1A8E51ADA330E00699EB3 /* Base */,
			);
			name = LaunchScreen.xib;
			sourceTree = "<group>";
		};
/* End PBXVariantGroup section */

/* Begin XCBuildConfiguration section */
		7BB1A8F31ADA330E00699EB3 /* Debug */ = {
			isa = XCBuildConfiguration;
			buildSettings = {
				ALWAYS_SEARCH_USER_PATHS = NO;
				CLANG_CXX_LANGUAGE_STANDARD = "gnu++0x";
				CLANG_CXX_LIBRARY = "libc++";
				CLANG_ENABLE_MODULES = YES;
				CLANG_ENABLE_OBJC_ARC = YES;
				CLANG_WARN_BOOL_CONVERSION = YES;
				CLANG_WARN_CONSTANT_CONVERSION = YES;
				CLANG_WARN_DIRECT_OBJC_ISA_USAGE = YES_ERROR;
				CLANG_WARN_EMPTY_BODY = YES;
				CLANG_WARN_ENUM_CONVERSION = YES;
				CLANG_WARN_INT_CONVERSION = YES;
				CLANG_WARN_OBJC_ROOT_CLASS = YES_ERROR;
				CLANG_WARN_UNREACHABLE_CODE = YES;
				CLANG_WARN__DUPLICATE_METHOD_MATCH = YES;
				"CODE_SIGN_IDENTITY[sdk=iphoneos*]" = "iPhone Developer";
				COPY_PHASE_STRIP = NO;
				DEBUG_INFORMATION_FORMAT = "dwarf-with-dsym";
				ENABLE_STRICT_OBJC_MSGSEND = YES;
				GCC_C_LANGUAGE_STANDARD = gnu99;
				GCC_DYNAMIC_NO_PIC = NO;
				GCC_NO_COMMON_BLOCKS = YES;
				GCC_OPTIMIZATION_LEVEL = 0;
				GCC_PREPROCESSOR_DEFINITIONS = (
					"DEBUG=1",
					"$(inherited)",
				);
				GCC_SYMBOLS_PRIVATE_EXTERN = NO;
				GCC_WARN_64_TO_32_BIT_CONVERSION = YES;
				GCC_WARN_ABOUT_RETURN_TYPE = YES_ERROR;
				GCC_WARN_UNDECLARED_SELECTOR = YES;
				GCC_WARN_UNINITIALIZED_AUTOS = YES_AGGRESSIVE;
				GCC_WARN_UNUSED_FUNCTION = YES;
				GCC_WARN_UNUSED_VARIABLE = YES;
				IPHONEOS_DEPLOYMENT_TARGET = 8.3;
				MTL_ENABLE_DEBUG_INFO = YES;
				ONLY_ACTIVE_ARCH = YES;
				SDKROOT = iphoneos;
				SWIFT_OPTIMIZATION_LEVEL = "-Onone";
				TARGETED_DEVICE_FAMILY = "1,2";
			};
			name = Debug;
		};
		7BB1A8F41ADA330E00699EB3 /* Release */ = {
			isa = XCBuildConfiguration;
			buildSettings = {
				ALWAYS_SEARCH_USER_PATHS = NO;
				CLANG_CXX_LANGUAGE_STANDARD = "gnu++0x";
				CLANG_CXX_LIBRARY = "libc++";
				CLANG_ENABLE_MODULES = YES;
				CLANG_ENABLE_OBJC_ARC = YES;
				CLANG_WARN_BOOL_CONVERSION = YES;
				CLANG_WARN_CONSTANT_CONVERSION = YES;
				CLANG_WARN_DIRECT_OBJC_ISA_USAGE = YES_ERROR;
				CLANG_WARN_EMPTY_BODY = YES;
				CLANG_WARN_ENUM_CONVERSION = YES;
				CLANG_WARN_INT_CONVERSION = YES;
				CLANG_WARN_OBJC_ROOT_CLASS = YES_ERROR;
				CLANG_WARN_UNREACHABLE_CODE = YES;
				CLANG_WARN__DUPLICATE_METHOD_MATCH = YES;
				"CODE_SIGN_IDENTITY[sdk=iphoneos*]" = "iPhone Developer";
				COPY_PHASE_STRIP = NO;
				DEBUG_INFORMATION_FORMAT = "dwarf-with-dsym";
				ENABLE_NS_ASSERTIONS = NO;
				ENABLE_STRICT_OBJC_MSGSEND = YES;
				GCC_C_LANGUAGE_STANDARD = gnu99;
				GCC_NO_COMMON_BLOCKS = YES;
				GCC_WARN_64_TO_32_BIT_CONVERSION = YES;
				GCC_WARN_ABOUT_RETURN_TYPE = YES_ERROR;
				GCC_WARN_UNDECLARED_SELECTOR = YES;
				GCC_WARN_UNINITIALIZED_AUTOS = YES_AGGRESSIVE;
				GCC_WARN_UNUSED_FUNCTION = YES;
				GCC_WARN_UNUSED_VARIABLE = YES;
				IPHONEOS_DEPLOYMENT_TARGET = 8.3;
				MTL_ENABLE_DEBUG_INFO = NO;
				SDKROOT = iphoneos;
				TARGETED_DEVICE_FAMILY = "1,2";
				VALIDATE_PRODUCT = YES;
			};
			name = Release;
		};
		7BB1A8F61ADA330E00699EB3 /* Debug */ = {
			isa = XCBuildConfiguration;
			buildSettings = {
				ASSETCATALOG_COMPILER_APPICON_NAME = AppIcon;
				INFOPLIST_FILE = "Side Menu Video Example/Info.plist";
				LD_RUNPATH_SEARCH_PATHS = "$(inherited) @executable_path/Frameworks";
				PRODUCT_NAME = "$(TARGET_NAME)";
			};
			name = Debug;
		};
		7BB1A8F71ADA330E00699EB3 /* Release */ = {
			isa = XCBuildConfiguration;
			buildSettings = {
				ASSETCATALOG_COMPILER_APPICON_NAME = AppIcon;
				INFOPLIST_FILE = "Side Menu Video Example/Info.plist";
				LD_RUNPATH_SEARCH_PATHS = "$(inherited) @executable_path/Frameworks";
				PRODUCT_NAME = "$(TARGET_NAME)";
			};
			name = Release;
		};
		7BB1A8F91ADA330E00699EB3 /* Debug */ = {
			isa = XCBuildConfiguration;
			buildSettings = {
				BUNDLE_LOADER = "$(TEST_HOST)";
				FRAMEWORK_SEARCH_PATHS = (
					"$(SDKROOT)/Developer/Library/Frameworks",
					"$(inherited)",
				);
				GCC_PREPROCESSOR_DEFINITIONS = (
					"DEBUG=1",
					"$(inherited)",
				);
				INFOPLIST_FILE = "Side Menu Video ExampleTests/Info.plist";
				LD_RUNPATH_SEARCH_PATHS = "$(inherited) @executable_path/Frameworks @loader_path/Frameworks";
				PRODUCT_NAME = "$(TARGET_NAME)";
				TEST_HOST = "$(BUILT_PRODUCTS_DIR)/Side Menu Video Example.app/Side Menu Video Example";
			};
			name = Debug;
		};
		7BB1A8FA1ADA330E00699EB3 /* Release */ = {
			isa = XCBuildConfiguration;
			buildSettings = {
				BUNDLE_LOADER = "$(TEST_HOST)";
				FRAMEWORK_SEARCH_PATHS = (
					"$(SDKROOT)/Developer/Library/Frameworks",
					"$(inherited)",
				);
				INFOPLIST_FILE = "Side Menu Video ExampleTests/Info.plist";
				LD_RUNPATH_SEARCH_PATHS = "$(inherited) @executable_path/Frameworks @loader_path/Frameworks";
				PRODUCT_NAME = "$(TARGET_NAME)";
				TEST_HOST = "$(BUILT_PRODUCTS_DIR)/Side Menu Video Example.app/Side Menu Video Example";
			};
			name = Release;
		};
/* End XCBuildConfiguration section */

/* Begin XCConfigurationList section */
		7BB1A8D11ADA330D00699EB3 /* Build configuration list for PBXProject "Side Menu Video Example" */ = {
			isa = XCConfigurationList;
			buildConfigurations = (
				7BB1A8F31ADA330E00699EB3 /* Debug */,
				7BB1A8F41ADA330E00699EB3 /* Release */,
			);
			defaultConfigurationIsVisible = 0;
			defaultConfigurationName = Release;
		};
		7BB1A8F51ADA330E00699EB3 /* Build configuration list for PBXNativeTarget "Side Menu Video Example" */ = {
			isa = XCConfigurationList;
			buildConfigurations = (
				7BB1A8F61ADA330E00699EB3 /* Debug */,
				7BB1A8F71ADA330E00699EB3 /* Release */,
			);
			defaultConfigurationIsVisible = 0;
		};
		7BB1A8F81ADA330E00699EB3 /* Build configuration list for PBXNativeTarget "Side Menu Video ExampleTests" */ = {
			isa = XCConfigurationList;
			buildConfigurations = (
				7BB1A8F91ADA330E00699EB3 /* Debug */,
				7BB1A8FA1ADA330E00699EB3 /* Release */,
			);
			defaultConfigurationIsVisible = 0;
		};
/* End XCConfigurationList section */
	};
	rootObject = 7BB1A8CE1ADA330D00699EB3 /* Project object */;
}
